{
  "name": "httpcodes",
  "version": "1.0.0",
  "lockfileVersion": 1,
  "requires": true,
  "dependencies": {
    "run-node": {
      "version": "2.0.0",
      "resolved": "https://registry.npmjs.org/run-node/-/run-node-2.0.0.tgz",
      "integrity": "sha512-M024oSKOfXRbBZ4dzWeS4mZfLlkVrLbR+02lSno344whh60hFN7qjWnf3QXm/JePD9CR7W4gRe9tt4H/2PGkcw=="
    }
  }
}
